
Microsoft Visual Studio Solution File, Format Version 11.00
# Visual Studio 2010
Project("{FAE04EC0-301F-11D3-BF4B-00C04F79EFBC}") = "Snowy Castle", "Snowy Castle\Snowy Castle\Snowy Castle.csproj", "{D1C10A7D-9822-4DAD-B2D3-35D26FB33274}"
EndProject
Project("{96E2B04D-8817-42C6-938A-82C39BA4D311}") = "Snowy CastleContent", "Snowy Castle\Snowy CastleContent\Snowy CastleContent.contentproj", "{5CE515FE-362E-4746-AD75-6D4970AE21EA}"
EndProject
Global
	GlobalSection(SolutionConfigurationPlatforms) = preSolution
		Debug|x86 = Debug|x86
		Release|x86 = Release|x86
	EndGlobalSection
	GlobalSection(ProjectConfigurationPlatforms) = postSolution
		{D1C10A7D-9822-4DAD-B2D3-35D26FB33274}.Debug|x86.ActiveCfg = Debug|x86
		{D1C10A7D-9822-4DAD-B2D3-35D26FB33274}.Debug|x86.Build.0 = Debug|x86
		{D1C10A7D-9822-4DAD-B2D3-35D26FB33274}.Release|x86.ActiveCfg = Release|x86
		{D1C10A7D-9822-4DAD-B2D3-35D26FB33274}.Release|x86.Build.0 = Release|x86
		{5CE515FE-362E-4746-AD75-6D4970AE21EA}.Debug|x86.ActiveCfg = Debug|x86
		{5CE515FE-362E-4746-AD75-6D4970AE21EA}.Release|x86.ActiveCfg = Release|x86
	EndGlobalSection
	GlobalSection(SolutionProperties) = preSolution
		HideSolutionNode = FALSE
	EndGlobalSection
EndGlobal
